
Microsoft Visual Studio Solution File, Format Version 12.00
# Visual Studio Version 17
VisualStudioVersion = 17.7.34018.315
MinimumVisualStudioVersion = 10.0.40219.1
Project("{9A19103F-16F7-4668-BE54-9A1E7A4F7556}") = "webAPIMiniReddit", "webAPIMiniReddit.csproj", "{E2A3BD54-2ED3-4686-8E2A-F47D0542C011}"
EndProject
Global
	GlobalSection(SolutionConfigurationPlatforms) = preSolution
		Debug|Any CPU = Debug|Any CPU
		Release|Any CPU = Release|Any CPU
	EndGlobalSection
	GlobalSection(ProjectConfigurationPlatforms) = postSolution
		{E2A3BD54-2ED3-4686-8E2A-F47D0542C011}.Debug|Any CPU.ActiveCfg = Debug|Any CPU
		{E2A3BD54-2ED3-4686-8E2A-F47D0542C011}.Debug|Any CPU.Build.0 = Debug|Any CPU
		{E2A3BD54-2ED3-4686-8E2A-F47D0542C011}.Release|Any CPU.ActiveCfg = Release|Any CPU
		{E2A3BD54-2ED3-4686-8E2A-F47D0542C011}.Release|Any CPU.Build.0 = Release|Any CPU
	EndGlobalSection
	GlobalSection(SolutionProperties) = preSolution
		HideSolutionNode = FALSE
	EndGlobalSection
	GlobalSection(ExtensibilityGlobals) = postSolution
		SolutionGuid = {93526013-D1E0-4F65-B35C-52C6CEE00550}
	EndGlobalSection
EndGlobal
